{
  "name": "after-party-labs",
  "lockfileVersion": 3,
  "requires": true,
  "packages": {
    "": {
      "name": "after-party-labs",
      "dependencies": {
        "@azure/msal-browser": "5.17.1"
      }
    },
    "node_modules/@azure/msal-browser": {
      "version": "5.17.1",
      "resolved": "https://registry.npmjs.org/@azure/msal-browser/-/msal-browser-5.17.1.tgz",
      "integrity": "sha512-zBhRGzABKSI7hfWh5EaZmril5ybZ7imBN1qEZl5sDTaelr+l8SnPjZO50Q4dnKnm347YPIlBMSnXKZyh3Yu5DQ==",
      "license": "MIT",
      "dependencies": {
        "@azure/msal-common": "16.11.2"
      },
      "engines": {
        "node": ">=0.8.0"
      }
    },
    "node_modules/@azure/msal-common": {
      "version": "16.11.2",
      "resolved": "https://registry.npmjs.org/@azure/msal-common/-/msal-common-16.11.2.tgz",
      "integrity": "sha512-yDhtBOGDCdK9ipQ9g3+wmlMEPnZx2pXaDicDd9jYyR1L+7lEbvEohTDmF5qejZDutZY3m9pWPxeYxzNC701A2w==",
      "license": "MIT",
      "engines": {
        "node": ">=0.8.0"
      }
    }
  }
}
